{
    "_readme": [
        "This file locks the dependencies of your project to a known state",
        "Read more about it at https://getcomposer.org/doc/01-basic-usage.md#composer-lock-the-lock-file",
        "This file is @generated automatically"
    ],
    "hash": "f41a43089be6c2e808b6c5940c959a32",
    "packages": [
        {
            "name": "phpmailer/phpmailer",
            "version": "v5.2.10",
            "source": {
                "type": "git",
                "url": "https://github.com/PHPMailer/PHPMailer.git",
                "reference": "07005ecbb80d11ec8c0f067bb37e8909cc7fcbb7"
            },
            "dist": {
                "type": "zip",
                "url": "https://api.github.com/repos/PHPMailer/PHPMailer/zipball/07005ecbb80d11ec8c0f067bb37e8909cc7fcbb7",
                "reference": "07005ecbb80d11ec8c0f067bb37e8909cc7fcbb7",
                "shasum": ""
            },
            "require": {
                "php": ">=5.0.0"
            },
            "require-dev": {
                "phpdocumentor/phpdocumentor": "*",
                "phpunit/phpunit": "4.3.*"
            },
            "type": "library",
            "autoload": {
                "classmap": [
                    "class.phpmailer.php",
                    "class.smtp.php",
                    "class.pop3.php",
                    "extras/EasyPeasyICS.php",
                    "extras/ntlm_sasl_client.php"
                ]
            },
            "notification-url": "https://packagist.org/downloads/",
            "license": [
                "LGPL-2.1"
            ],
            "authors": [
                {
                    "name": "Jim Jagielski",
                    "email": "jimjag@gmail.com"
                },
                {
                    "name": "Marcus Bointon",
                    "email": "phpmailer@synchromedia.co.uk"
                },
                {
                    "name": "Andy Prevost",
                    "email": "codeworxtech@users.sourceforge.net"
                },
                {
                    "name": "Brent R. Matzelle"
                }
            ],
            "description": "PHPMailer is a full-featured email creation and transfer class for PHP",
            "time": "2015-05-04 12:37:21"
        },
        {
            "name": "symfony/yaml",
            "version": "dev-master",
            "source": {
                "type": "git",
                "url": "https://github.com/symfony/Yaml.git",
                "reference": "1f19f893d8b1e8fb5dc746a0def83a058b8a9983"
            },
            "dist": {
                "type": "zip",
                "url": "https://api.github.com/repos/symfony/Yaml/zipball/1f19f893d8b1e8fb5dc746a0def83a058b8a9983",
                "reference": "1f19f893d8b1e8fb5dc746a0def83a058b8a9983",
                "shasum": ""
            },
            "require": {
                "php": ">=5.5.9"
            },
            "require-dev": {
                "symfony/phpunit-bridge": "~2.8|~3.0"
            },
            "type": "library",
            "extra": {
                "branch-alias": {
                    "dev-master": "3.0-dev"
                }
            },
            "autoload": {
                "psr-4": {
                    "Symfony\\Component\\Yaml\\": ""
                }
            },
            "notification-url": "https://packagist.org/downloads/",
            "license": [
                "MIT"
            ],
            "authors": [
                {
                    "name": "Fabien Potencier",
                    "email": "fabien@symfony.com"
                },
                {
                    "name": "Symfony Community",
                    "homepage": "https://symfony.com/contributors"
                }
            ],
            "description": "Symfony Yaml Component",
            "homepage": "https://symfony.com",
            "time": "2015-06-18 16:25:07"
        },
        {
            "name": "twig/twig",
            "version": "v1.18.2",
            "source": {
                "type": "git",
                "url": "https://github.com/twigphp/Twig.git",
                "reference": "e8e6575abf6102af53ec283f7f14b89e304fa602"
            },
            "dist": {
                "type": "zip",
                "url": "https://api.github.com/repos/twigphp/Twig/zipball/e8e6575abf6102af53ec283f7f14b89e304fa602",
                "reference": "e8e6575abf6102af53ec283f7f14b89e304fa602",
                "shasum": ""
            },
            "require": {
                "php": ">=5.2.7"
            },
            "type": "library",
            "extra": {
                "branch-alias": {
                    "dev-master": "1.18-dev"
                }
            },
            "autoload": {
                "psr-0": {
                    "Twig_": "lib/"
                }
            },
            "notification-url": "https://packagist.org/downloads/",
            "license": [
                "BSD-3-Clause"
            ],
            "authors": [
                {
                    "name": "Fabien Potencier",
                    "email": "fabien@symfony.com",
                    "homepage": "http://fabien.potencier.org",
                    "role": "Lead Developer"
                },
                {
                    "name": "Armin Ronacher",
                    "email": "armin.ronacher@active-4.com",
                    "role": "Project Founder"
                },
                {
                    "name": "Twig Team",
                    "homepage": "http://twig.sensiolabs.org/contributors",
                    "role": "Contributors"
                }
            ],
            "description": "Twig, the flexible, fast, and secure template language for PHP",
            "homepage": "http://twig.sensiolabs.org",
            "keywords": [
                "templating"
            ],
            "time": "2015-06-06 23:31:24"
        }
    ],
    "packages-dev": [],
    "aliases": [],
    "minimum-stability": "stable",
    "stability-flags": {
        "symfony/yaml": 20
    },
    "prefer-stable": false,
    "prefer-lowest": false,
    "platform": {
        "php": ">=5.6"
    },
    "platform-dev": []
}
